
Microsoft Visual Studio Solution File, Format Version 12.00
# Visual Studio Version 17
VisualStudioVersion = 17.7.34024.191
MinimumVisualStudioVersion = 10.0.40219.1
Project("{FAE04EC0-301F-11D3-BF4B-00C04F79EFBC}") = "модуль 4 воробьёв", "модуль 4 воробьёв\модуль 4 воробьёв.csproj", "{6DEEEBEF-449A-4865-837C-4F8B772FCFDF}"
EndProject
Global
	GlobalSection(SolutionConfigurationPlatforms) = preSolution
		Debug|Any CPU = Debug|Any CPU
		Release|Any CPU = Release|Any CPU
	EndGlobalSection
	GlobalSection(ProjectConfigurationPlatforms) = postSolution
		{6DEEEBEF-449A-4865-837C-4F8B772FCFDF}.Debug|Any CPU.ActiveCfg = Debug|Any CPU
		{6DEEEBEF-449A-4865-837C-4F8B772FCFDF}.Debug|Any CPU.Build.0 = Debug|Any CPU
		{6DEEEBEF-449A-4865-837C-4F8B772FCFDF}.Release|Any CPU.ActiveCfg = Release|Any CPU
		{6DEEEBEF-449A-4865-837C-4F8B772FCFDF}.Release|Any CPU.Build.0 = Release|Any CPU
	EndGlobalSection
	GlobalSection(SolutionProperties) = preSolution
		HideSolutionNode = FALSE
	EndGlobalSection
	GlobalSection(ExtensibilityGlobals) = postSolution
		SolutionGuid = {B60D5046-9DF4-488F-92AF-883D89F19D32}
	EndGlobalSection
EndGlobal
